# This file is automatically @generated by Cargo.
# It is not intended for manual editing.
version = 4

[[package]]
name = "interpreter"
version = "0.1.0"
dependencies = [
 "parser",
 "turtlelib",
]

[[package]]
name = "lexer"
version = "0.1.0"
dependencies = [
 "turtlelib",
]

[[package]]
name = "parser"
version = "0.1.0"
dependencies = [
 "lexer",
 "turtlelib",
]

[[package]]
name = "proj2"
version = "0.1.0"
dependencies = [
 "lexer",
 "parser",
 "stdlib",
 "turtlelib",
]

[[package]]
name = "stdlib"
version = "0.1.0"

[[package]]
name = "turtlelib"
version = "0.1.0"
