
Microsoft Visual Studio Solution File, Format Version 12.00
# Visual Studio Version 16
VisualStudioVersion = 16.0.31829.152
MinimumVisualStudioVersion = 10.0.40219.1
Project("{9A19103F-16F7-4668-BE54-9A1E7A4F7556}") = "Neo4jSimpleClient", "Neo4jSimpleClient\Neo4jSimpleClient.csproj", "{98B0CD80-5897-42E7-9609-799E061DEF60}"
EndProject
Project("{9A19103F-16F7-4668-BE54-9A1E7A4F7556}") = "Neo4jObjectClient", "Neo4jObjectClient\Neo4jObjectClient.csproj", "{1151A524-FD28-409C-BCAB-B1136C41195D}"
EndProject
Project("{9A19103F-16F7-4668-BE54-9A1E7A4F7556}") = "MoviesDotNetCore", "movies-dotnetcore-bolt-main\MoviesDotNetCore.csproj", "{6B37BC4F-45BF-459C-BC97-A292D824D632}"
EndProject
Global
	GlobalSection(SolutionConfigurationPlatforms) = preSolution
		Debug|Any CPU = Debug|Any CPU
		Release|Any CPU = Release|Any CPU
	EndGlobalSection
	GlobalSection(ProjectConfigurationPlatforms) = postSolution
		{98B0CD80-5897-42E7-9609-799E061DEF60}.Debug|Any CPU.ActiveCfg = Debug|Any CPU
		{98B0CD80-5897-42E7-9609-799E061DEF60}.Debug|Any CPU.Build.0 = Debug|Any CPU
		{98B0CD80-5897-42E7-9609-799E061DEF60}.Release|Any CPU.ActiveCfg = Release|Any CPU
		{98B0CD80-5897-42E7-9609-799E061DEF60}.Release|Any CPU.Build.0 = Release|Any CPU
		{1151A524-FD28-409C-BCAB-B1136C41195D}.Debug|Any CPU.ActiveCfg = Debug|Any CPU
		{1151A524-FD28-409C-BCAB-B1136C41195D}.Debug|Any CPU.Build.0 = Debug|Any CPU
		{1151A524-FD28-409C-BCAB-B1136C41195D}.Release|Any CPU.ActiveCfg = Release|Any CPU
		{1151A524-FD28-409C-BCAB-B1136C41195D}.Release|Any CPU.Build.0 = Release|Any CPU
		{6B37BC4F-45BF-459C-BC97-A292D824D632}.Debug|Any CPU.ActiveCfg = Debug|Any CPU
		{6B37BC4F-45BF-459C-BC97-A292D824D632}.Debug|Any CPU.Build.0 = Debug|Any CPU
		{6B37BC4F-45BF-459C-BC97-A292D824D632}.Release|Any CPU.ActiveCfg = Release|Any CPU
		{6B37BC4F-45BF-459C-BC97-A292D824D632}.Release|Any CPU.Build.0 = Release|Any CPU
	EndGlobalSection
	GlobalSection(SolutionProperties) = preSolution
		HideSolutionNode = FALSE
	EndGlobalSection
	GlobalSection(ExtensibilityGlobals) = postSolution
		SolutionGuid = {D9ECECEA-E9AC-492B-B304-E66C9FDD5C81}
	EndGlobalSection
EndGlobal
